{
  "name": "server",
  "version": "1.0.0",
  "lockfileVersion": 3,
  "requires": true,
  "packages": {
    "": {
      "name": "server",
      "version": "1.0.0",
      "dependencies": {
        "@crm-forsage/shared": "file:../shared",
        "@google-cloud/vision": "^5.3.6",
        "@google/generative-ai": "^0.24.1",
        "@supabase/supabase-js": "^2.49.1",
        "@types/cors": "^2.8.17",
        "@types/express": "^5.0.1",
        "@types/jsonwebtoken": "^9.0.9",
        "@types/node": "^22.13.10",
        "@types/pg": "^8.20.0",
        "axios": "^1.7.9",
        "bullmq": "^5.78.0",
        "cors": "^2.8.5",
        "dotenv": "^16.4.7",
        "express": "^4.21.2",
        "express-rate-limit": "^7.5.0",
        "ioredis": "^5.11.0",
        "jsonwebtoken": "^9.0.2",
        "pg": "^8.20.0",
        "pino": "^9.6.0",
        "pino-pretty": "^13.0.0",
        "telegraf": "^4.16.3",
        "tesseract.js": "^7.0.0",
        "tsx": "^4.19.3",
        "typescript": "^5.7.3",
        "zod": "^3.24.1"
      },
      "devDependencies": {
        "@electric-sql/pglite": "^0.5.1",
        "@types/ioredis": "^5.0.0",
        "@vitest/coverage-v8": "^4.1.8",
        "vitest": "^4.1.8"
      }
    },
    "../node_modules/.pnpm/@electric-sql+pglite@0.5.1/node_modules/@electric-sql/pglite": {
      "version": "0.5.1",
      "dev": true,
      "license": "Apache-2.0",
      "devDependencies": {
        "@arethetypeswrong/cli": "^0.18.1",
        "@electric-sql/pg-protocol": "0.0.4",
        "@electric-sql/pglite-utils": "0.0.2",
        "@types/emscripten": "^1.41.1",
        "@types/node": "^20.16.11",
        "@types/node-fetch": "^2.6.11",
        "async-mutex": "^0.4.1",
        "buffer": "^6.0.3",
        "bun": "^1.1.30",
        "concurrently": "^8.2.2",
        "http-server": "^14.1.1",
        "openpgp": "^6.3.0",
        "playwright": "^1.48.0",
        "tinytar": "^0.1.0",
        "vitest": "^2.1.2"
      }
    },
    "../node_modules/.pnpm/@google-cloud+vision@5.3.6/node_modules/@google-cloud/vision": {
      "version": "5.3.6",
      "license": "Apache-2.0",
      "dependencies": {
        "@google-cloud/promisify": "^5.0.0",
        "google-gax": "^5.0.0"
      },
      "devDependencies": {
        "@google-cloud/storage": "^7.15.2",
        "@types/is": "^0.0.25",
        "@types/mocha": "^10.0.10",
        "@types/node": "^22.13.9",
        "@types/sinon": "^17.0.4",
        "@types/uuid": "^11.0.0",
        "c8": "^10.1.3",
        "codecov": "^3.8.3",
        "gapic-tools": "^1.0.0",
        "gts": "^6.0.2",
        "jsdoc": "^4.0.4",
        "jsdoc-fresh": "^4.0.0",
        "jsdoc-region-tag": "^3.0.0",
        "linkinator": "^6.1.2",
        "long": "^5.3.1",
        "mocha": "^11.1.0",
        "pack-n-play": "^3.0.0",
        "sinon": "21.0.3",
        "typescript": "^5.8.2",
        "uuid": "^11.1.0"
      },
      "engines": {
        "node": ">=18"
      }
    },
    "../node_modules/.pnpm/@google+generative-ai@0.24.1/node_modules/@google/generative-ai": {
      "version": "0.24.1",
      "license": "Apache-2.0",
      "devDependencies": {
        "@changesets/cli": "^2.27.1",
        "@esm-bundle/chai": "^4.3.4-fix.0",
        "@microsoft/api-documenter": "^7.23.12",
        "@microsoft/api-extractor": "^7.50.0",
        "@rollup/plugin-json": "^6.0.1",
        "@types/chai": "^4.3.9",
        "@types/chai-as-promised": "^7.1.8",
        "@types/mocha": "^10.0.3",
        "@types/node": "^20.8.10",
        "@types/sinon": "^10.0.20",
        "@types/sinon-chai": "^3.2.11",
        "@typescript-eslint/eslint-plugin": "^6.9.1",
        "@typescript-eslint/eslint-plugin-tslint": "^6.9.1",
        "@typescript-eslint/parser": "^6.9.1",
        "@web/dev-server-esbuild": "^1.0.1",
        "@web/test-runner": "^0.18.0",
        "chai": "^4.3.10",
        "chai-as-promised": "^7.1.1",
        "chai-deep-equal-ignore-undefined": "^1.1.1",
        "eslint": "^8.52.0",
        "eslint-plugin-import": "^2.29.0",
        "eslint-plugin-unused-imports": "^3.0.0",
        "glob": "^10.3.10",
        "mocha": "^10.2.0",
        "prettier": "^3.0.3",
        "rollup": "^4.2.0",
        "rollup-plugin-dts": "^6.1.0",
        "rollup-plugin-replace": "^2.2.0",
        "rollup-plugin-typescript2": "^0.36.0",
        "sinon": "^17.0.1",
        "sinon-chai": "^3.7.0",
        "ts-node": "^10.9.1",
        "tslint": "^6.1.3",
        "typescript": "5.2.2"
      },
      "engines": {
        "node": ">=18.0.0"
      }
    },
    "../node_modules/.pnpm/@supabase+supabase-js@2.105.3/node_modules/@supabase/supabase-js": {
      "version": "2.105.3",
      "license": "MIT",
      "dependencies": {
        "@supabase/auth-js": "2.105.3",
        "@supabase/functions-js": "2.105.3",
        "@supabase/postgrest-js": "2.105.3",
        "@supabase/realtime-js": "2.105.3",
        "@supabase/storage-js": "2.105.3"
      },
      "devDependencies": {
        "jsr": "^0.13.5",
        "puppeteer": "^24.9.0"
      },
      "engines": {
        "node": ">=20.0.0"
      }
    },
    "../node_modules/.pnpm/@types+cors@2.8.19/node_modules/@types/cors": {
      "version": "2.8.19",
      "license": "MIT",
      "dependencies": {
        "@types/node": "*"
      }
    },
    "../node_modules/.pnpm/@types+express@5.0.6/node_modules/@types/express": {
      "version": "5.0.6",
      "license": "MIT",
      "dependencies": {
        "@types/body-parser": "*",
        "@types/express-serve-static-core": "^5.0.0",
        "@types/serve-static": "^2"
      }
    },
    "../node_modules/.pnpm/@types+ioredis@5.0.0/node_modules/@types/ioredis": {
      "version": "5.0.0",
      "deprecated": "This is a stub types definition. ioredis provides its own type definitions, so you do not need this installed.",
      "dev": true,
      "license": "MIT",
      "dependencies": {
        "ioredis": "*"
      }
    },
    "../node_modules/.pnpm/@types+jsonwebtoken@9.0.10/node_modules/@types/jsonwebtoken": {
      "version": "9.0.10",
      "license": "MIT",
      "dependencies": {
        "@types/ms": "*",
        "@types/node": "*"
      }
    },
    "../node_modules/.pnpm/@types+node@22.19.17/node_modules/@types/node": {
      "version": "22.19.17",
      "license": "MIT",
      "dependencies": {
        "undici-types": "~6.21.0"
      }
    },
    "../node_modules/.pnpm/@types+pg@8.20.0/node_modules/@types/pg": {
      "version": "8.20.0",
      "license": "MIT",
      "dependencies": {
        "@types/node": "*",
        "pg-protocol": "*",
        "pg-types": "^2.2.0"
      }
    },
    "../node_modules/.pnpm/@vitest+coverage-v8@4.1.8_vitest@4.1.8/node_modules/@vitest/coverage-v8": {
      "version": "4.1.8",
      "dev": true,
      "license": "MIT",
      "dependencies": {
        "@bcoe/v8-coverage": "^1.0.2",
        "@vitest/utils": "4.1.8",
        "ast-v8-to-istanbul": "^1.0.0",
        "istanbul-lib-coverage": "^3.2.2",
        "istanbul-lib-report": "^3.0.1",
        "istanbul-reports": "^3.2.0",
        "magicast": "^0.5.2",
        "obug": "^2.1.1",
        "std-env": "^4.0.0-rc.1",
        "tinyrainbow": "^3.1.0"
      },
      "devDependencies": {
        "@types/istanbul-lib-coverage": "^2.0.6",
        "@types/istanbul-lib-report": "^3.0.3",
        "@types/istanbul-reports": "^3.0.4",
        "@vitest/browser": "4.1.8",
        "@vitest/browser-playwright": "4.1.8",
        "pathe": "^2.0.3",
        "vitest": "4.1.8"
      },
      "funding": {
        "url": "https://opencollective.com/vitest"
      },
      "peerDependencies": {
        "@vitest/browser": "4.1.8",
        "vitest": "4.1.8"
      },
      "peerDependenciesMeta": {
        "@vitest/browser": {
          "optional": true
        }
      }
    },
    "../node_modules/.pnpm/axios@1.16.1/node_modules/axios": {
      "version": "1.16.1",
      "license": "MIT",
      "dependencies": {
        "follow-redirects": "^1.16.0",
        "form-data": "^4.0.5",
        "https-proxy-agent": "^5.0.1",
        "proxy-from-env": "^2.1.0"
      },
      "devDependencies": {
        "@babel/core": "^7.29.0",
        "@babel/preset-env": "^7.29.2",
        "@commitlint/cli": "^20.5.0",
        "@commitlint/config-conventional": "^20.5.0",
        "@eslint/js": "^10.0.1",
        "@rollup/plugin-alias": "^6.0.0",
        "@rollup/plugin-babel": "^7.0.0",
        "@rollup/plugin-commonjs": "^29.0.2",
        "@rollup/plugin-json": "^6.1.0",
        "@rollup/plugin-node-resolve": "^16.0.3",
        "@rollup/plugin-terser": "^1.0.0",
        "@vitest/browser": "^4.1.5",
        "@vitest/browser-playwright": "^4.1.5",
        "abortcontroller-polyfill": "^1.7.8",
        "acorn": "^8.16.0",
        "body-parser": "^2.2.2",
        "chalk": "^5.6.2",
        "cross-env": "^10.1.0",
        "dev-null": "^0.1.1",
        "eslint": "^10.2.1",
        "express": "^5.2.1",
        "formdata-node": "^6.0.3",
        "formidable": "^3.5.4",
        "fs-extra": "^11.3.4",
        "get-stream": "^9.0.1",
        "globals": "^17.5.0",
        "gulp": "^5.0.1",
        "husky": "^9.1.7",
        "lint-staged": "^16.4.0",
        "minimist": "^1.2.8",
        "multer": "^2.1.1",
        "playwright": "^1.59.1",
        "prettier": "^3.8.3",
        "rollup": "^4.60.2",
        "rollup-plugin-bundle-size": "^1.0.3",
        "selfsigned": "^5.5.0",
        "stream-throttle": "^0.1.3",
        "typescript": "^5.9.3",
        "vitest": "^4.1.5"
      }
    },
    "../node_modules/.pnpm/bullmq@5.78.0/node_modules/bullmq": {
      "version": "5.78.0",
      "license": "MIT",
      "dependencies": {
        "cron-parser": "4.9.0",
        "ioredis": "5.10.1",
        "msgpackr": "2.0.2",
        "node-abort-controller": "3.1.1",
        "semver": "7.8.0",
        "tslib": "2.8.1"
      },
      "devDependencies": {
        "@commitlint/cli": "21.0.1",
        "@commitlint/config-conventional": "21.0.1",
        "@semantic-release/changelog": "6.0.3",
        "@semantic-release/commit-analyzer": "13.0.1",
        "@semantic-release/exec": "7.1.0",
        "@semantic-release/git": "10.0.1",
        "@semantic-release/github": "12.0.8",
        "@semantic-release/npm": "13.1.5",
        "@semantic-release/release-notes-generator": "14.1.1",
        "@types/lodash.defaults": "4.2.9",
        "@types/lodash.isarguments": "3.1.9",
        "@types/msgpack": "0.0.34",
        "@types/node": "24.12.4",
        "@types/semver": "7.7.1",
        "@types/sinon": "21.0.1",
        "@typescript-eslint/eslint-plugin": "8.60.0",
        "@typescript-eslint/parser": "8.60.0",
        "@vitest/coverage-v8": "4.1.6",
        "coveralls-next": "6.0.1",
        "cpx2": "8.0.2",
        "eslint": "9.39.4",
        "eslint-config-prettier": "8.10.2",
        "eslint-plugin-prettier": "4.2.5",
        "eslint-plugin-promise": "7.3.0",
        "eslint-plugin-tsdoc": "0.5.2",
        "fast-glob": "3.3.3",
        "globals": "17.6.0",
        "husky": "9.1.7",
        "lint-staged": "16.4.0",
        "madge": "8.0.0",
        "minimatch": "10.2.5",
        "moment": "2.30.1",
        "prettier": "3.8.3",
        "pretty-quick": "4.2.2",
        "progress": "2.0.3",
        "redis": "5.7.0",
        "rimraf": "6.1.3",
        "rrule": "2.8.1",
        "semantic-release": "25.0.3",
        "sinon": "21.1.2",
        "test-console": "2.0.0",
        "ts-node": "10.9.2",
        "typedoc": "0.28.19",
        "typescript": "5.9.3",
        "vitest": "4.1.6"
      },
      "engines": {
        "node": ">=12.22.0"
      },
      "peerDependencies": {
        "redis": ">=5.0.0"
      },
      "peerDependenciesMeta": {
        "redis": {
          "optional": true
        }
      }
    },
    "../node_modules/.pnpm/cors@2.8.6/node_modules/cors": {
      "version": "2.8.6",
      "license": "MIT",
      "dependencies": {
        "object-assign": "^4",
        "vary": "^1"
      },
      "devDependencies": {
        "after": "0.8.2",
        "eslint": "7.30.0",
        "express": "4.21.2",
        "mocha": "9.2.2",
        "nyc": "15.1.0",
        "supertest": "6.1.3"
      },
      "engines": {
        "node": ">= 0.10"
      },
      "funding": {
        "type": "opencollective",
        "url": "https://opencollective.com/express"
      }
    },
    "../node_modules/.pnpm/dotenv@16.6.1/node_modules/dotenv": {
      "version": "16.6.1",
      "license": "BSD-2-Clause",
      "devDependencies": {
        "@types/node": "^18.11.3",
        "decache": "^4.6.2",
        "sinon": "^14.0.1",
        "standard": "^17.0.0",
        "standard-version": "^9.5.0",
        "tap": "^19.2.0",
        "typescript": "^4.8.4"
      },
      "engines": {
        "node": ">=12"
      },
      "funding": {
        "url": "https://dotenvx.com"
      }
    },
    "../node_modules/.pnpm/express-rate-limit@7.5.1_express@4.22.1/node_modules/express-rate-limit": {
      "version": "7.5.1",
      "license": "MIT",
      "devDependencies": {
        "@express-rate-limit/prettier": "1.1.1",
        "@express-rate-limit/tsconfig": "1.0.2",
        "@jest/globals": "29.7.0",
        "@types/express": "4.17.20",
        "@types/jest": "29.5.6",
        "@types/node": "20.8.7",
        "@types/supertest": "2.0.15",
        "del-cli": "5.1.0",
        "dts-bundle-generator": "8.0.1",
        "esbuild": "0.25.0",
        "express": "4.21.1",
        "husky": "8.0.3",
        "jest": "29.7.0",
        "lint-staged": "15.0.2",
        "mintlify": "4.0.63",
        "npm-run-all": "4.1.5",
        "ratelimit-header-parser": "0.1.0",
        "supertest": "6.3.3",
        "ts-jest": "29.1.1",
        "ts-node": "10.9.1",
        "typescript": "5.2.2",
        "xo": "0.56.0"
      },
      "engines": {
        "node": ">= 16"
      },
      "funding": {
        "url": "https://github.com/sponsors/express-rate-limit"
      },
      "peerDependencies": {
        "express": ">= 4.11"
      }
    },
    "../node_modules/.pnpm/express@4.22.1/node_modules/express": {
      "version": "4.22.1",
      "license": "MIT",
      "dependencies": {
        "accepts": "~1.3.8",
        "array-flatten": "1.1.1",
        "body-parser": "~1.20.3",
        "content-disposition": "~0.5.4",
        "content-type": "~1.0.4",
        "cookie": "~0.7.1",
        "cookie-signature": "~1.0.6",
        "debug": "2.6.9",
        "depd": "2.0.0",
        "encodeurl": "~2.0.0",
        "escape-html": "~1.0.3",
        "etag": "~1.8.1",
        "finalhandler": "~1.3.1",
        "fresh": "~0.5.2",
        "http-errors": "~2.0.0",
        "merge-descriptors": "1.0.3",
        "methods": "~1.1.2",
        "on-finished": "~2.4.1",
        "parseurl": "~1.3.3",
        "path-to-regexp": "~0.1.12",
        "proxy-addr": "~2.0.7",
        "qs": "~6.14.0",
        "range-parser": "~1.2.1",
        "safe-buffer": "5.2.1",
        "send": "~0.19.0",
        "serve-static": "~1.16.2",
        "setprototypeof": "1.2.0",
        "statuses": "~2.0.1",
        "type-is": "~1.6.18",
        "utils-merge": "1.0.1",
        "vary": "~1.1.2"
      },
      "devDependencies": {
        "after": "0.8.2",
        "connect-redis": "3.4.2",
        "cookie-parser": "1.4.6",
        "cookie-session": "2.0.0",
        "ejs": "3.1.9",
        "eslint": "8.47.0",
        "express-session": "1.17.2",
        "hbs": "4.2.0",
        "marked": "0.7.0",
        "method-override": "3.0.0",
        "mocha": "^6.2.2",
        "morgan": "1.10.0",
        "nyc": "^14.1.1",
        "pbkdf2-password": "1.2.1",
        "supertest": "^6.1.6",
        "vhost": "~3.0.2"
      },
      "engines": {
        "node": ">= 0.10.0"
      },
      "funding": {
        "type": "opencollective",
        "url": "https://opencollective.com/express"
      }
    },
    "../node_modules/.pnpm/ioredis@5.11.0/node_modules/ioredis": {
      "version": "5.11.0",
      "license": "MIT",
      "dependencies": {
        "@ioredis/commands": "1.10.0",
        "cluster-key-slot": "1.1.1",
        "debug": "4.4.3",
        "denque": "2.1.0",
        "redis-errors": "1.2.0",
        "redis-parser": "3.0.0",
        "standard-as-callback": "2.1.0"
      },
      "devDependencies": {
        "@ioredis/interface-generator": "^1.3.0",
        "@semantic-release/changelog": "^6.0.1",
        "@semantic-release/commit-analyzer": "^9.0.2",
        "@semantic-release/git": "^10.0.1",
        "@types/chai": "^4.3.0",
        "@types/chai-as-promised": "^7.1.5",
        "@types/debug": "^4.1.5",
        "@types/mocha": "^9.1.0",
        "@types/node": "^14.18.12",
        "@types/redis-errors": "^1.2.1",
        "@types/sinon": "^10.0.11",
        "@typescript-eslint/eslint-plugin": "^5.48.1",
        "@typescript-eslint/parser": "^5.48.1",
        "chai": "^4.3.6",
        "chai-as-promised": "^7.1.1",
        "eslint": "^8.31.0",
        "eslint-config-prettier": "^8.6.0",
        "mocha": "^11.7.6",
        "nyc": "^15.1.0",
        "prettier": "^2.6.1",
        "semantic-release": "^19.0.2",
        "server-destroy": "^1.0.1",
        "sinon": "^13.0.1",
        "ts-node": "^10.4.0",
        "tsd": "^0.19.1",
        "typedoc": "^0.22.18",
        "typescript": "^4.6.3",
        "uuid": "^9.0.0"
      },
      "engines": {
        "node": ">=12.22.0"
      },
      "funding": {
        "type": "opencollective",
        "url": "https://opencollective.com/ioredis"
      }
    },
    "../node_modules/.pnpm/jsonwebtoken@9.0.3/node_modules/jsonwebtoken": {
      "version": "9.0.3",
      "license": "MIT",
      "dependencies": {
        "jws": "^4.0.1",
        "lodash.includes": "^4.3.0",
        "lodash.isboolean": "^3.0.3",
        "lodash.isinteger": "^4.0.4",
        "lodash.isnumber": "^3.0.3",
        "lodash.isplainobject": "^4.0.6",
        "lodash.isstring": "^4.0.1",
        "lodash.once": "^4.0.0",
        "ms": "^2.1.1",
        "semver": "^7.5.4"
      },
      "devDependencies": {
        "atob": "^2.1.2",
        "chai": "^4.1.2",
        "conventional-changelog": "~1.1.0",
        "eslint": "^4.19.1",
        "mocha": "^5.2.0",
        "nsp": "^2.6.2",
        "nyc": "^11.9.0",
        "sinon": "^6.0.0"
      },
      "engines": {
        "node": ">=12",
        "npm": ">=6"
      }
    },
    "../node_modules/.pnpm/pg@8.20.0/node_modules/pg": {
      "version": "8.20.0",
      "license": "MIT",
      "dependencies": {
        "pg-connection-string": "^2.12.0",
        "pg-pool": "^3.13.0",
        "pg-protocol": "^1.13.0",
        "pg-types": "2.2.0",
        "pgpass": "1.0.5"
      },
      "devDependencies": {
        "@cloudflare/vitest-pool-workers": "0.8.23",
        "@cloudflare/workers-types": "^4.20230404.0",
        "async": "2.6.4",
        "bluebird": "3.7.2",
        "co": "4.6.0",
        "pg-copy-streams": "0.3.0",
        "typescript": "^4.0.3",
        "vitest": "~3.0.9",
        "wrangler": "^3.x"
      },
      "engines": {
        "node": ">= 16.0.0"
      },
      "optionalDependencies": {
        "pg-cloudflare": "^1.3.0"
      },
      "peerDependencies": {
        "pg-native": ">=3.0.1"
      },
      "peerDependenciesMeta": {
        "pg-native": {
          "optional": true
        }
      }
    },
    "../node_modules/.pnpm/pino-pretty@13.1.3/node_modules/pino-pretty": {
      "version": "13.1.3",
      "license": "MIT",
      "dependencies": {
        "colorette": "^2.0.7",
        "dateformat": "^4.6.3",
        "fast-copy": "^4.0.0",
        "fast-safe-stringify": "^2.1.1",
        "help-me": "^5.0.0",
        "joycon": "^3.1.1",
        "minimist": "^1.2.6",
        "on-exit-leak-free": "^2.1.0",
        "pino-abstract-transport": "^3.0.0",
        "pump": "^3.0.0",
        "secure-json-parse": "^4.0.0",
        "sonic-boom": "^4.0.1",
        "strip-json-comments": "^5.0.2"
      },
      "bin": {
        "pino-pretty": "bin.js"
      },
      "devDependencies": {
        "@arethetypeswrong/cli": "^0.18.1",
        "@jsumners/assert-match": "^1.0.0",
        "@jsumners/line-reporter": "^1.0.1",
        "@types/node": "^24.0.8",
        "borp": "^0.21.0",
        "eslint": "^9.37.0",
        "fastbench": "^1.0.1",
        "neostandard": "^0.12.2",
        "pino": "^10.1.0",
        "rimraf": "^6.0.1",
        "semver": "^7.6.0",
        "tap": "^16.0.0",
        "tsd": "^0.33.0",
        "typescript": "~5.9.2"
      }
    },
    "../node_modules/.pnpm/pino@9.14.0/node_modules/pino": {
      "version": "9.14.0",
      "license": "MIT",
      "dependencies": {
        "@pinojs/redact": "^0.4.0",
        "atomic-sleep": "^1.0.0",
        "on-exit-leak-free": "^2.1.0",
        "pino-abstract-transport": "^2.0.0",
        "pino-std-serializers": "^7.0.0",
        "process-warning": "^5.0.0",
        "quick-format-unescaped": "^4.0.3",
        "real-require": "^0.2.0",
        "safe-stable-stringify": "^2.3.1",
        "sonic-boom": "^4.0.1",
        "thread-stream": "^3.0.0"
      },
      "bin": {
        "pino": "bin.js"
      },
      "devDependencies": {
        "@arethetypeswrong/cli": "^0.18.1",
        "@matteo.collina/tspl": "^0.2.0",
        "@types/flush-write-stream": "^1.0.0",
        "@types/node": "^24.0.8",
        "@types/tap": "^15.0.6",
        "@yao-pkg/pkg": "6.7.0",
        "airtap": "5.0.0",
        "bole": "^5.0.5",
        "bunyan": "^1.8.14",
        "debug": "^4.3.4",
        "docsify-cli": "^4.4.4",
        "eslint": "^8.17.0",
        "eslint-config-standard": "^17.0.0",
        "eslint-plugin-import": "^2.26.0",
        "eslint-plugin-n": "15.7.0",
        "eslint-plugin-node": "^11.1.0",
        "eslint-plugin-promise": "^6.0.0",
        "execa": "^5.0.0",
        "fastbench": "^1.0.1",
        "flush-write-stream": "^2.0.0",
        "import-fresh": "^3.2.1",
        "jest": "^30.0.3",
        "log": "^6.0.0",
        "loglevel": "^1.6.7",
        "midnight-smoker": "1.1.1",
        "pino-pretty": "^13.0.0",
        "pre-commit": "^1.2.2",
        "proxyquire": "^2.1.3",
        "pump": "^3.0.0",
        "rimraf": "^6.0.1",
        "semver": "^7.3.7",
        "sinon": "^21.0.0",
        "split2": "^4.0.0",
        "steed": "^1.1.3",
        "strip-ansi": "^6.0.0",
        "tap": "^16.2.0",
        "tape": "^5.5.3",
        "through2": "^4.0.0",
        "ts-node": "^10.9.1",
        "tsd": "^0.33.0",
        "typescript": "~5.9.2",
        "winston": "^3.7.2"
      }
    },
    "../node_modules/.pnpm/telegraf@4.16.3/node_modules/telegraf": {
      "version": "4.16.3",
      "license": "MIT",
      "dependencies": {
        "@telegraf/types": "^7.1.0",
        "abort-controller": "^3.0.0",
        "debug": "^4.3.4",
        "mri": "^1.2.0",
        "node-fetch": "^2.7.0",
        "p-timeout": "^4.1.0",
        "safe-compare": "^1.1.4",
        "sandwich-stream": "^2.0.2"
      },
      "bin": {
        "telegraf": "lib/cli.mjs"
      },
      "devDependencies": {
        "@types/debug": "^4.1.8",
        "@types/node": "^20.4.2",
        "@types/node-fetch": "^2.6.2",
        "@types/safe-compare": "^1.1.0",
        "@typescript-eslint/eslint-plugin": "^6.1.0",
        "@typescript-eslint/parser": "^6.1.0",
        "ava": "^5.3.1",
        "eslint": "^8.45.0",
        "eslint-config-prettier": "^9.0.0",
        "eslint-plugin-ava": "^14.0.0",
        "eslint-plugin-import": "^2.27.5",
        "eslint-plugin-node": "^11.1.0",
        "eslint-plugin-prettier": "^5.0.0",
        "eslint-plugin-promise": "^6.1.1",
        "fast-check": "^3.12.0",
        "prettier": "^3.0.3",
        "tsx": "^4.7.1",
        "typedoc": "^0.25.0",
        "typescript": "^5.2.2"
      },
      "engines": {
        "node": "^12.20.0 || >=14.13.1"
      }
    },
    "../node_modules/.pnpm/tesseract.js@7.0.0/node_modules/tesseract.js": {
      "version": "7.0.0",
      "hasInstallScript": true,
      "license": "Apache-2.0",
      "dependencies": {
        "bmp-js": "^0.1.0",
        "idb-keyval": "^6.2.0",
        "is-url": "^1.2.4",
        "node-fetch": "^2.6.9",
        "opencollective-postinstall": "^2.0.3",
        "regenerator-runtime": "^0.13.3",
        "tesseract.js-core": "^7.0.0",
        "wasm-feature-detect": "^1.8.0",
        "zlibjs": "^0.3.1"
      },
      "devDependencies": {
        "@babel/core": "^7.21.4",
        "@babel/eslint-parser": "^7.21.3",
        "@babel/preset-env": "^7.21.4",
        "@rollup/plugin-commonjs": "^24.1.0",
        "acorn": "^8.8.2",
        "babel-loader": "^9.1.2",
        "buffer": "^6.0.3",
        "cors": "^2.8.5",
        "eslint": "^7.32.0",
        "eslint-config-airbnb-base": "^14.2.1",
        "eslint-plugin-import": "^2.27.5",
        "expect.js": "^0.3.1",
        "express": "^4.18.2",
        "karma": "^6.4.2",
        "karma-chrome-launcher": "^3.2.0",
        "karma-firefox-launcher": "^2.1.2",
        "karma-mocha": "^2.0.1",
        "karma-webpack": "^5.0.0",
        "mocha": "^10.2.0",
        "npm-run-all": "^4.1.5",
        "nyc": "^15.1.0",
        "rimraf": "^5.0.0",
        "rollup": "^3.20.7",
        "rollup-plugin-sourcemaps": "^0.6.3",
        "wait-on": "^7.0.1",
        "webpack": "^5.79.0",
        "webpack-bundle-analyzer": "^4.8.0",
        "webpack-cli": "^5.0.1",
        "webpack-dev-middleware": "^6.0.2"
      }
    },
    "../node_modules/.pnpm/tsx@4.21.0/node_modules/tsx": {
      "version": "4.21.0",
      "license": "MIT",
      "dependencies": {
        "esbuild": "~0.27.0",
        "get-tsconfig": "^4.7.5"
      },
      "bin": {
        "tsx": "dist/cli.mjs"
      },
      "engines": {
        "node": ">=18.0.0"
      },
      "optionalDependencies": {
        "fsevents": "~2.3.3"
      }
    },
    "../node_modules/.pnpm/typescript@5.9.3/node_modules/typescript": {
      "version": "5.9.3",
      "license": "Apache-2.0",
      "bin": {
        "tsc": "bin/tsc",
        "tsserver": "bin/tsserver"
      },
      "devDependencies": {
        "@dprint/formatter": "^0.4.1",
        "@dprint/typescript": "0.93.4",
        "@esfx/canceltoken": "^1.0.0",
        "@eslint/js": "^9.20.0",
        "@octokit/rest": "^21.1.1",
        "@types/chai": "^4.3.20",
        "@types/diff": "^7.0.1",
        "@types/minimist": "^1.2.5",
        "@types/mocha": "^10.0.10",
        "@types/ms": "^0.7.34",
        "@types/node": "latest",
        "@types/source-map-support": "^0.5.10",
        "@types/which": "^3.0.4",
        "@typescript-eslint/rule-tester": "^8.24.1",
        "@typescript-eslint/type-utils": "^8.24.1",
        "@typescript-eslint/utils": "^8.24.1",
        "azure-devops-node-api": "^14.1.0",
        "c8": "^10.1.3",
        "chai": "^4.5.0",
        "chokidar": "^4.0.3",
        "diff": "^7.0.0",
        "dprint": "^0.49.0",
        "esbuild": "^0.25.0",
        "eslint": "^9.20.1",
        "eslint-formatter-autolinkable-stylish": "^1.4.0",
        "eslint-plugin-regexp": "^2.7.0",
        "fast-xml-parser": "^4.5.2",
        "glob": "^10.4.5",
        "globals": "^15.15.0",
        "hereby": "^1.10.0",
        "jsonc-parser": "^3.3.1",
        "knip": "^5.44.4",
        "minimist": "^1.2.8",
        "mocha": "^10.8.2",
        "mocha-fivemat-progress-reporter": "^0.1.0",
        "monocart-coverage-reports": "^2.12.1",
        "ms": "^2.1.3",
        "picocolors": "^1.1.1",
        "playwright": "^1.50.1",
        "source-map-support": "^0.5.21",
        "tslib": "^2.8.1",
        "typescript": "^5.7.3",
        "typescript-eslint": "^8.24.1",
        "which": "^3.0.1"
      },
      "engines": {
        "node": ">=14.17"
      }
    },
    "../node_modules/.pnpm/vitest@4.1.8_@types+node@22_b6496397c01d252be12da9aad42f26e7/node_modules/vitest": {
      "version": "4.1.8",
      "dev": true,
      "license": "MIT",
      "dependencies": {
        "@vitest/expect": "4.1.8",
        "@vitest/mocker": "4.1.8",
        "@vitest/pretty-format": "4.1.8",
        "@vitest/runner": "4.1.8",
        "@vitest/snapshot": "4.1.8",
        "@vitest/spy": "4.1.8",
        "@vitest/utils": "4.1.8",
        "es-module-lexer": "^2.0.0",
        "expect-type": "^1.3.0",
        "magic-string": "^0.30.21",
        "obug": "^2.1.1",
        "pathe": "^2.0.3",
        "picomatch": "^4.0.3",
        "std-env": "^4.0.0-rc.1",
        "tinybench": "^2.9.0",
        "tinyexec": "^1.0.2",
        "tinyglobby": "^0.2.15",
        "tinyrainbow": "^3.1.0",
        "vite": "^6.0.0 || ^7.0.0 || ^8.0.0",
        "why-is-node-running": "^2.3.0"
      },
      "bin": {
        "vitest": "vitest.mjs"
      },
      "devDependencies": {
        "@antfu/install-pkg": "^1.1.0",
        "@bomb.sh/tab": "^0.0.14",
        "@edge-runtime/vm": "^5.0.0",
        "@jridgewell/trace-mapping": "0.3.31",
        "@opentelemetry/api": "^1.9.0",
        "@sinonjs/fake-timers": "15.0.0",
        "@types/estree": "^1.0.8",
        "@types/istanbul-lib-coverage": "^2.0.6",
        "@types/istanbul-reports": "^3.0.4",
        "@types/jsdom": "^27.0.0",
        "@types/node": "^24.12.0",
        "@types/picomatch": "^4.0.2",
        "@types/prompts": "^2.4.9",
        "@types/sinonjs__fake-timers": "^15.0.1",
        "acorn": "8.11.3",
        "acorn-walk": "^8.3.5",
        "birpc": "^4.0.0",
        "cac": "^6.7.14",
        "empathic": "^2.0.0",
        "flatted": "^3.4.2",
        "happy-dom": "^20.8.3",
        "jsdom": "^27.4.0",
        "local-pkg": "^1.1.2",
        "mime": "^4.1.0",
        "prompts": "^2.4.2",
        "strip-literal": "^3.1.0",
        "tinyhighlight": "^0.3.2",
        "ws": "^8.19.0"
      },
      "engines": {
        "node": "^20.0.0 || ^22.0.0 || >=24.0.0"
      },
      "funding": {
        "url": "https://opencollective.com/vitest"
      },
      "peerDependencies": {
        "@edge-runtime/vm": "*",
        "@opentelemetry/api": "^1.9.0",
        "@types/node": "^20.0.0 || ^22.0.0 || >=24.0.0",
        "@vitest/browser-playwright": "4.1.8",
        "@vitest/browser-preview": "4.1.8",
        "@vitest/browser-webdriverio": "4.1.8",
        "@vitest/coverage-istanbul": "4.1.8",
        "@vitest/coverage-v8": "4.1.8",
        "@vitest/ui": "4.1.8",
        "happy-dom": "*",
        "jsdom": "*",
        "vite": "^6.0.0 || ^7.0.0 || ^8.0.0"
      },
      "peerDependenciesMeta": {
        "@edge-runtime/vm": {
          "optional": true
        },
        "@opentelemetry/api": {
          "optional": true
        },
        "@types/node": {
          "optional": true
        },
        "@vitest/browser-playwright": {
          "optional": true
        },
        "@vitest/browser-preview": {
          "optional": true
        },
        "@vitest/browser-webdriverio": {
          "optional": true
        },
        "@vitest/coverage-istanbul": {
          "optional": true
        },
        "@vitest/coverage-v8": {
          "optional": true
        },
        "@vitest/ui": {
          "optional": true
        },
        "happy-dom": {
          "optional": true
        },
        "jsdom": {
          "optional": true
        },
        "vite": {
          "optional": false
        }
      }
    },
    "../node_modules/.pnpm/zod@3.25.76/node_modules/zod": {
      "version": "3.25.76",
      "license": "MIT",
      "funding": {
        "url": "https://github.com/sponsors/colinhacks"
      }
    },
    "../shared": {
      "name": "@crm-forsage/shared",
      "version": "1.0.0",
      "dependencies": {
        "zod": "^3.24.1"
      }
    },
    "../shared/node_modules/zod": {
      "resolved": "../node_modules/.pnpm/zod@3.25.76/node_modules/zod",
      "link": true
    },
    "node_modules/@crm-forsage/shared": {
      "resolved": "../shared",
      "link": true
    },
    "node_modules/@electric-sql/pglite": {
      "resolved": "../node_modules/.pnpm/@electric-sql+pglite@0.5.1/node_modules/@electric-sql/pglite",
      "link": true
    },
    "node_modules/@google-cloud/vision": {
      "resolved": "../node_modules/.pnpm/@google-cloud+vision@5.3.6/node_modules/@google-cloud/vision",
      "link": true
    },
    "node_modules/@google/generative-ai": {
      "resolved": "../node_modules/.pnpm/@google+generative-ai@0.24.1/node_modules/@google/generative-ai",
      "link": true
    },
    "node_modules/@supabase/supabase-js": {
      "resolved": "../node_modules/.pnpm/@supabase+supabase-js@2.105.3/node_modules/@supabase/supabase-js",
      "link": true
    },
    "node_modules/@types/cors": {
      "resolved": "../node_modules/.pnpm/@types+cors@2.8.19/node_modules/@types/cors",
      "link": true
    },
    "node_modules/@types/express": {
      "resolved": "../node_modules/.pnpm/@types+express@5.0.6/node_modules/@types/express",
      "link": true
    },
    "node_modules/@types/ioredis": {
      "resolved": "../node_modules/.pnpm/@types+ioredis@5.0.0/node_modules/@types/ioredis",
      "link": true
    },
    "node_modules/@types/jsonwebtoken": {
      "resolved": "../node_modules/.pnpm/@types+jsonwebtoken@9.0.10/node_modules/@types/jsonwebtoken",
      "link": true
    },
    "node_modules/@types/node": {
      "resolved": "../node_modules/.pnpm/@types+node@22.19.17/node_modules/@types/node",
      "link": true
    },
    "node_modules/@types/pg": {
      "resolved": "../node_modules/.pnpm/@types+pg@8.20.0/node_modules/@types/pg",
      "link": true
    },
    "node_modules/@vitest/coverage-v8": {
      "resolved": "../node_modules/.pnpm/@vitest+coverage-v8@4.1.8_vitest@4.1.8/node_modules/@vitest/coverage-v8",
      "link": true
    },
    "node_modules/axios": {
      "resolved": "../node_modules/.pnpm/axios@1.16.1/node_modules/axios",
      "link": true
    },
    "node_modules/bullmq": {
      "resolved": "../node_modules/.pnpm/bullmq@5.78.0/node_modules/bullmq",
      "link": true
    },
    "node_modules/cors": {
      "resolved": "../node_modules/.pnpm/cors@2.8.6/node_modules/cors",
      "link": true
    },
    "node_modules/dotenv": {
      "resolved": "../node_modules/.pnpm/dotenv@16.6.1/node_modules/dotenv",
      "link": true
    },
    "node_modules/express": {
      "resolved": "../node_modules/.pnpm/express@4.22.1/node_modules/express",
      "link": true
    },
    "node_modules/express-rate-limit": {
      "resolved": "../node_modules/.pnpm/express-rate-limit@7.5.1_express@4.22.1/node_modules/express-rate-limit",
      "link": true
    },
    "node_modules/ioredis": {
      "resolved": "../node_modules/.pnpm/ioredis@5.11.0/node_modules/ioredis",
      "link": true
    },
    "node_modules/jsonwebtoken": {
      "resolved": "../node_modules/.pnpm/jsonwebtoken@9.0.3/node_modules/jsonwebtoken",
      "link": true
    },
    "node_modules/pg": {
      "resolved": "../node_modules/.pnpm/pg@8.20.0/node_modules/pg",
      "link": true
    },
    "node_modules/pino": {
      "resolved": "../node_modules/.pnpm/pino@9.14.0/node_modules/pino",
      "link": true
    },
    "node_modules/pino-pretty": {
      "resolved": "../node_modules/.pnpm/pino-pretty@13.1.3/node_modules/pino-pretty",
      "link": true
    },
    "node_modules/telegraf": {
      "resolved": "../node_modules/.pnpm/telegraf@4.16.3/node_modules/telegraf",
      "link": true
    },
    "node_modules/tesseract.js": {
      "resolved": "../node_modules/.pnpm/tesseract.js@7.0.0/node_modules/tesseract.js",
      "link": true
    },
    "node_modules/tsx": {
      "resolved": "../node_modules/.pnpm/tsx@4.21.0/node_modules/tsx",
      "link": true
    },
    "node_modules/typescript": {
      "resolved": "../node_modules/.pnpm/typescript@5.9.3/node_modules/typescript",
      "link": true
    },
    "node_modules/vitest": {
      "resolved": "../node_modules/.pnpm/vitest@4.1.8_@types+node@22_b6496397c01d252be12da9aad42f26e7/node_modules/vitest",
      "link": true
    },
    "node_modules/zod": {
      "resolved": "../node_modules/.pnpm/zod@3.25.76/node_modules/zod",
      "link": true
    }
  }
}
